
Microsoft Visual Studio Solution File, Format Version 12.00
# Visual Studio Version 16
VisualStudioVersion = 16.0.28803.156
MinimumVisualStudioVersion = 10.0.40219.1
Project("{FAE04EC0-301F-11D3-BF4B-00C04F79EFBC}") = "RozkladJazdyPociagow-AplikacjaBazodanowa", "RozkladJazdyPociagow-AplikacjaBazodanowa\RozkladJazdyPociagow-AplikacjaBazodanowa.csproj", "{BC0F81B6-F89D-4DE7-94DE-46B7155729E1}"
EndProject
Project("{FAE04EC0-301F-11D3-BF4B-00C04F79EFBC}") = "RJP-EdytorBazyDanych", "RJP-EdytorBazyDanych\RJP-EdytorBazyDanych.csproj", "{053E7DC7-314C-4CC0-ABE9-62F4533B56C7}"
EndProject
Global
	GlobalSection(SolutionConfigurationPlatforms) = preSolution
		Debug|Any CPU = Debug|Any CPU
		Release|Any CPU = Release|Any CPU
	EndGlobalSection
	GlobalSection(ProjectConfigurationPlatforms) = postSolution
		{BC0F81B6-F89D-4DE7-94DE-46B7155729E1}.Debug|Any CPU.ActiveCfg = Debug|Any CPU
		{BC0F81B6-F89D-4DE7-94DE-46B7155729E1}.Debug|Any CPU.Build.0 = Debug|Any CPU
		{BC0F81B6-F89D-4DE7-94DE-46B7155729E1}.Release|Any CPU.ActiveCfg = Debug|Any CPU
		{BC0F81B6-F89D-4DE7-94DE-46B7155729E1}.Release|Any CPU.Build.0 = Debug|Any CPU
		{053E7DC7-314C-4CC0-ABE9-62F4533B56C7}.Debug|Any CPU.ActiveCfg = Debug|Any CPU
		{053E7DC7-314C-4CC0-ABE9-62F4533B56C7}.Debug|Any CPU.Build.0 = Debug|Any CPU
		{053E7DC7-314C-4CC0-ABE9-62F4533B56C7}.Release|Any CPU.ActiveCfg = Debug|Any CPU
		{053E7DC7-314C-4CC0-ABE9-62F4533B56C7}.Release|Any CPU.Build.0 = Debug|Any CPU
	EndGlobalSection
	GlobalSection(SolutionProperties) = preSolution
		HideSolutionNode = FALSE
	EndGlobalSection
	GlobalSection(ExtensibilityGlobals) = postSolution
		SolutionGuid = {9F002375-17BA-4CD6-8DA0-740EBE6268E7}
	EndGlobalSection
EndGlobal
